Microsoft Visual Studio Solution File, Format Version 12.00
# Visual Studio Version 17
VisualStudioVersion = 17.5.2.0
MinimumVisualStudioVersion = 10.0.40219.1
Project("{FAE04EC0-301F-11D3-BF4B-00C04F79EFBC}") = "WebApproyectoPOOII", "WebApproyectoPOOII.csproj", "{33C7C947-8541-A91D-24AB-3FEF3BCB6757}"
EndProject
Global
	GlobalSection(SolutionConfigurationPlatforms) = preSolution
		Debug|Any CPU = Debug|Any CPU
		Release|Any CPU = Release|Any CPU
	EndGlobalSection
	GlobalSection(ProjectConfigurationPlatforms) = postSolution
		{33C7C947-8541-A91D-24AB-3FEF3BCB6757}.Debug|Any CPU.ActiveCfg = Debug|Any CPU
		{33C7C947-8541-A91D-24AB-3FEF3BCB6757}.Debug|Any CPU.Build.0 = Debug|Any CPU
		{33C7C947-8541-A91D-24AB-3FEF3BCB6757}.Release|Any CPU.ActiveCfg = Release|Any CPU
		{33C7C947-8541-A91D-24AB-3FEF3BCB6757}.Release|Any CPU.Build.0 = Release|Any CPU
	EndGlobalSection
	GlobalSection(SolutionProperties) = preSolution
		HideSolutionNode = FALSE
	EndGlobalSection
	GlobalSection(ExtensibilityGlobals) = postSolution
		SolutionGuid = {E70BA409-6F5B-4810-B2AB-F78512CA0660}
	EndGlobalSection
EndGlobal
